
Microsoft Visual Studio Solution File, Format Version 12.00
# Visual Studio Version 17
VisualStudioVersion = 17.3.32901.215
MinimumVisualStudioVersion = 10.0.40219.1
Project("{9A19103F-16F7-4668-BE54-9A1E7A4F7556}") = "01-Hello-World", "01-Hello-World\01-Hello-World.csproj", "{63E1AD97-3176-4E8E-9FCD-95268A77B0D6}"
EndProject
Project("{9A19103F-16F7-4668-BE54-9A1E7A4F7556}") = "02-String", "02-String\02-String.csproj", "{DF0F9CD3-7343-4DCB-943F-DCEB71C0035A}"
EndProject
Project("{9A19103F-16F7-4668-BE54-9A1E7A4F7556}") = "03-Int", "03-Int\03-Int.csproj", "{97449F5E-7D6B-4383-A0A3-0D3F416A6E62}"
EndProject
Project("{9A19103F-16F7-4668-BE54-9A1E7A4F7556}") = "04-Operatörler", "04-Operatörler\04-Operatörler.csproj", "{CCB9769C-44E3-4999-90FF-DF4C9646B8D2}"
EndProject
Global
	GlobalSection(SolutionConfigurationPlatforms) = preSolution
		Debug|Any CPU = Debug|Any CPU
		Release|Any CPU = Release|Any CPU
	EndGlobalSection
	GlobalSection(ProjectConfigurationPlatforms) = postSolution
		{63E1AD97-3176-4E8E-9FCD-95268A77B0D6}.Debug|Any CPU.ActiveCfg = Debug|Any CPU
		{63E1AD97-3176-4E8E-9FCD-95268A77B0D6}.Debug|Any CPU.Build.0 = Debug|Any CPU
		{63E1AD97-3176-4E8E-9FCD-95268A77B0D6}.Release|Any CPU.ActiveCfg = Release|Any CPU
		{63E1AD97-3176-4E8E-9FCD-95268A77B0D6}.Release|Any CPU.Build.0 = Release|Any CPU
		{DF0F9CD3-7343-4DCB-943F-DCEB71C0035A}.Debug|Any CPU.ActiveCfg = Debug|Any CPU
		{DF0F9CD3-7343-4DCB-943F-DCEB71C0035A}.Debug|Any CPU.Build.0 = Debug|Any CPU
		{DF0F9CD3-7343-4DCB-943F-DCEB71C0035A}.Release|Any CPU.ActiveCfg = Release|Any CPU
		{DF0F9CD3-7343-4DCB-943F-DCEB71C0035A}.Release|Any CPU.Build.0 = Release|Any CPU
		{97449F5E-7D6B-4383-A0A3-0D3F416A6E62}.Debug|Any CPU.ActiveCfg = Debug|Any CPU
		{97449F5E-7D6B-4383-A0A3-0D3F416A6E62}.Debug|Any CPU.Build.0 = Debug|Any CPU
		{97449F5E-7D6B-4383-A0A3-0D3F416A6E62}.Release|Any CPU.ActiveCfg = Release|Any CPU
		{97449F5E-7D6B-4383-A0A3-0D3F416A6E62}.Release|Any CPU.Build.0 = Release|Any CPU
		{CCB9769C-44E3-4999-90FF-DF4C9646B8D2}.Debug|Any CPU.ActiveCfg = Debug|Any CPU
		{CCB9769C-44E3-4999-90FF-DF4C9646B8D2}.Debug|Any CPU.Build.0 = Debug|Any CPU
		{CCB9769C-44E3-4999-90FF-DF4C9646B8D2}.Release|Any CPU.ActiveCfg = Release|Any CPU
		{CCB9769C-44E3-4999-90FF-DF4C9646B8D2}.Release|Any CPU.Build.0 = Release|Any CPU
	EndGlobalSection
	GlobalSection(SolutionProperties) = preSolution
		HideSolutionNode = FALSE
	EndGlobalSection
	GlobalSection(ExtensibilityGlobals) = postSolution
		SolutionGuid = {20AB8AB8-4AD9-419C-8878-B236297AA14A}
	EndGlobalSection
EndGlobal
